
Microsoft Visual Studio Solution File, Format Version 12.00
# Visual Studio Version 16
VisualStudioVersion = 16.0.30225.117
MinimumVisualStudioVersion = 10.0.40219.1
Project("{9A19103F-16F7-4668-BE54-9A1E7A4F7556}") = "quick-formatter-wpf", "quick-formatter-wpf.csproj", "{52D74D1E-E6ED-47B1-A556-A201486FE1CD}"
EndProject
Project("{FAE04EC0-301F-11D3-BF4B-00C04F79EFBC}") = "quick-formatter-wpf-tests", "Tests\quick-formatter-wpf-tests\quick-formatter-wpf-tests.csproj", "{09619670-3AC3-4572-AE33-3BFC2B030557}"
EndProject
Global
	GlobalSection(SolutionConfigurationPlatforms) = preSolution
		Debug|Any CPU = Debug|Any CPU
		Release|Any CPU = Release|Any CPU
	EndGlobalSection
	GlobalSection(ProjectConfigurationPlatforms) = postSolution
		{52D74D1E-E6ED-47B1-A556-A201486FE1CD}.Debug|Any CPU.ActiveCfg = Debug|Any CPU
		{52D74D1E-E6ED-47B1-A556-A201486FE1CD}.Debug|Any CPU.Build.0 = Debug|Any CPU
		{52D74D1E-E6ED-47B1-A556-A201486FE1CD}.Release|Any CPU.ActiveCfg = Release|Any CPU
		{52D74D1E-E6ED-47B1-A556-A201486FE1CD}.Release|Any CPU.Build.0 = Release|Any CPU
		{09619670-3AC3-4572-AE33-3BFC2B030557}.Debug|Any CPU.ActiveCfg = Debug|Any CPU
		{09619670-3AC3-4572-AE33-3BFC2B030557}.Debug|Any CPU.Build.0 = Debug|Any CPU
		{09619670-3AC3-4572-AE33-3BFC2B030557}.Release|Any CPU.ActiveCfg = Release|Any CPU
		{09619670-3AC3-4572-AE33-3BFC2B030557}.Release|Any CPU.Build.0 = Release|Any CPU
	EndGlobalSection
	GlobalSection(SolutionProperties) = preSolution
		HideSolutionNode = FALSE
	EndGlobalSection
	GlobalSection(ExtensibilityGlobals) = postSolution
		SolutionGuid = {E4ED3CBC-E3C1-4805-8832-9464982DE583}
	EndGlobalSection
EndGlobal
